// !$*UTF8*$!
{
	archiveVersion = 1;
	classes = {
	};
	objectVersion = 50;
	objects = {

/* Begin PBXBuildFile section */
		2C49405522166C9300D9158D /* MovieGridViewController.swift in Sources */ = {isa = PBXBuildFile; fileRef = 2C49405422166C9300D9158D /* MovieGridViewController.swift */; };
		2C5ABECC221939DE00290FF3 /* MovieGridCell.swift in Sources */ = {isa = PBXBuildFile; fileRef = 2C5ABECB221939DE00290FF3 /* MovieGridCell.swift */; };
		2C79110122164B5F00494E10 /* MovieDetailsViewController.swift in Sources */ = {isa = PBXBuildFile; fileRef = 2C79110022164B5F00494E10 /* MovieDetailsViewController.swift */; };
		846F8ED3801E8E0068079ECD /* Pods_Flixster_finalTests.framework in Frameworks */ = {isa = PBXBuildFile; fileRef = F860A306675A9DCFA356C2A0 /* Pods_Flixster_finalTests.framework */; };
		9AD6B17F7FDB935A38EFA4ED /* Pods_Flixster_finalUITests.framework in Frameworks */ = {isa = PBXBuildFile; fileRef = 3C6B1BBE098D0EEA40AB15D6 /* Pods_Flixster_finalUITests.framework */; };
		D9412E082204202300370F22 /* AppDelegate.swift in Sources */ = {isa = PBXBuildFile; fileRef = D9412E072204202300370F22 /* AppDelegate.swift */; };
		D9412E0D2204202300370F22 /* Main.storyboard in Resources */ = {isa = PBXBuildFile; fileRef = D9412E0B2204202300370F22 /* Main.storyboard */; };
		D9412E0F2204202600370F22 /* Assets.xcassets in Resources */ = {isa = PBXBuildFile; fileRef = D9412E0E2204202600370F22 /* Assets.xcassets */; };
		D9412E122204202600370F22 /* LaunchScreen.storyboard in Resources */ = {isa = PBXBuildFile; fileRef = D9412E102204202600370F22 /* LaunchScreen.storyboard */; };
		D9412E1D2204202600370F22 /* Flixster_finalTests.swift in Sources */ = {isa = PBXBuildFile; fileRef = D9412E1C2204202600370F22 /* Flixster_finalTests.swift */; };
		D9412E282204202600370F22 /* Flixster_finalUITests.swift in Sources */ = {isa = PBXBuildFile; fileRef = D9412E272204202600370F22 /* Flixster_finalUITests.swift */; };
		D9412E362204223200370F22 /* MoviesViewController.swift in Sources */ = {isa = PBXBuildFile; fileRef = D9412E352204223200370F22 /* MoviesViewController.swift */; };
		D9412E7422096A5F00370F22 /* MovieCell.swift in Sources */ = {isa = PBXBuildFile; fileRef = D9412E7322096A5F00370F22 /* MovieCell.swift */; };
		F1E30ACA846A24A5B4DEB9E5 /* Pods_Flixster_final.framework in Frameworks */ = {isa = PBXBuildFile; fileRef = B819029E34AF1DDAA86CC4A4 /* Pods_Flixster_final.framework */; };
/* End PBXBuildFile section */

/* Begin PBXContainerItemProxy section */
		D9412E192204202600370F22 /* PBXContainerItemProxy */ = {
			isa = PBXContainerItemProxy;
			containerPortal = D9412DFC2204202300370F22 /* Project object */;
			proxyType = 1;
			remoteGlobalIDString = D9412E032204202300370F22;
			remoteInfo = Flixster_final;
		};
		D9412E242204202600370F22 /* PBXContainerItemProxy */ = {
			isa = PBXContainerItemProxy;
			containerPortal = D9412DFC2204202300370F22 /* Project object */;
			proxyType = 1;
			remoteGlobalIDString = D9412E032204202300370F22;
			remoteInfo = Flixster_final;
		};
/* End PBXContainerItemProxy section */

/* Begin PBXFileReference section */
		13D19E2CAA18AF8C76B23471 /* Pods-Flixster_finalUITests.release.xcconfig */ = {isa = PBXFileReference; includeInIndex = 1; lastKnownFileType = text.xcconfig; name = "Pods-Flixster_finalUITests.release.xcconfig"; path = "Target Support Files/Pods-Flixster_finalUITests/Pods-Flixster_finalUITests.release.xcconfig"; sourceTree = "<group>"; };
		2C49405422166C9300D9158D /* MovieGridViewController.swift */ = {isa = PBXFileReference; lastKnownFileType = sourcecode.swift; path = MovieGridViewController.swift; sourceTree = "<group>"; };
		2C5ABECB221939DE00290FF3 /* MovieGridCell.swift */ = {isa = PBXFileReference; lastKnownFileType = sourcecode.swift; path = MovieGridCell.swift; sourceTree = "<group>"; };
		2C79110022164B5F00494E10 /* MovieDetailsViewController.swift */ = {isa = PBXFileReference; lastKnownFileType = sourcecode.swift; path = MovieDetailsViewController.swift; sourceTree = "<group>"; };
		339419F52F925D25ED0891F5 /* Pods-Flixster_final.debug.xcconfig */ = {isa = PBXFileReference; includeInIndex = 1; lastKnownFileType = text.xcconfig; name = "Pods-Flixster_final.debug.xcconfig"; path = "Target Support Files/Pods-Flixster_final/Pods-Flixster_final.debug.xcconfig"; sourceTree = "<group>"; };
		380D3719EDA7284635122DC5 /* Pods-Flixster_final.release.xcconfig */ = {isa = PBXFileReference; includeInIndex = 1; lastKnownFileType = text.xcconfig; name = "Pods-Flixster_final.release.xcconfig"; path = "Target Support Files/Pods-Flixster_final/Pods-Flixster_final.release.xcconfig"; sourceTree = "<group>"; };
		3C6B1BBE098D0EEA40AB15D6 /* Pods_Flixster_finalUITests.framework */ = {isa = PBXFileReference; explicitFileType = wrapper.framework; includeInIndex = 0; path = Pods_Flixster_finalUITests.framework; sourceTree = BUILT_PRODUCTS_DIR; };
		5346503F306D5747C0EE339D /* Pods-Flixster_finalTests.debug.xcconfig */ = {isa = PBXFileReference; includeInIndex = 1; lastKnownFileType = text.xcconfig; name = "Pods-Flixster_finalTests.debug.xcconfig"; path = "Target Support Files/Pods-Flixster_finalTests/Pods-Flixster_finalTests.debug.xcconfig"; sourceTree = "<group>"; };
		8ABCBB60DF9B2C6BE134B93F /* Pods-Flixster_finalUITests.debug.xcconfig */ = {isa = PBXFileReference; includeInIndex = 1; lastKnownFileType = text.xcconfig; name = "Pods-Flixster_finalUITests.debug.xcconfig"; path = "Target Support Files/Pods-Flixster_finalUITests/Pods-Flixster_finalUITests.debug.xcconfig"; sourceTree = "<group>"; };
		B819029E34AF1DDAA86CC4A4 /* Pods_Flixster_final.framework */ = {isa = PBXFileReference; explicitFileType = wrapper.framework; includeInIndex = 0; path = Pods_Flixster_final.framework; sourceTree = BUILT_PRODUCTS_DIR; };
		C97A99471CECC921479936B9 /* Pods-Flixster_finalTests.release.xcconfig */ = {isa = PBXFileReference; includeInIndex = 1; lastKnownFileType = text.xcconfig; name = "Pods-Flixster_finalTests.release.xcconfig"; path = "Target Support Files/Pods-Flixster_finalTests/Pods-Flixster_finalTests.release.xcconfig"; sourceTree = "<group>"; };
		D9412E042204202300370F22 /* Flixster_final.app */ = {isa = PBXFileReference; explicitFileType = wrapper.application; includeInIndex = 0; path = Flixster_final.app; sourceTree = BUILT_PRODUCTS_DIR; };
		D9412E072204202300370F22 /* AppDelegate.swift */ = {isa = PBXFileReference; lastKnownFileType = sourcecode.swift; path = AppDelegate.swift; sourceTree = "<group>"; };
		D9412E0C2204202300370F22 /* Base */ = {isa = PBXFileReference; lastKnownFileType = file.storyboard; name = Base; path = Base.lproj/Main.storyboard; sourceTree = "<group>"; };
		D9412E0E2204202600370F22 /* Assets.xcassets */ = {isa = PBXFileReference; lastKnownFileType = folder.assetcatalog; path = Assets.xcassets; sourceTree = "<group>"; };
		D9412E112204202600370F22 /* Base */ = {isa = PBXFileReference; lastKnownFileType = file.storyboard; name = Base; path = Base.lproj/LaunchScreen.storyboard; sourceTree = "<group>"; };
		D9412E132204202600370F22 /* Info.plist */ = {isa = PBXFileReference; lastKnownFileType = text.plist.xml; path = Info.plist; sourceTree = "<group>"; };
		D9412E182204202600370F22 /* Flixster_finalTests.xctest */ = {isa = PBXFileReference; explicitFileType = wrapper.cfbundle; includeInIndex = 0; path = Flixster_finalTests.xctest; sourceTree = BUILT_PRODUCTS_DIR; };
		D9412E1C2204202600370F22 /* Flixster_finalTests.swift */ = {isa = PBXFileReference; lastKnownFileType = sourcecode.swift; path = Flixster_finalTests.swift; sourceTree = "<group>"; };
		D9412E1E2204202600370F22 /* Info.plist */ = {isa = PBXFileReference; lastKnownFileType = text.plist.xml; path = Info.plist; sourceTree = "<group>"; };
		D9412E232204202600370F22 /* Flixster_finalUITests.xctest */ = {isa = PBXFileReference; explicitFileType = wrapper.cfbundle; includeInIndex = 0; path = Flixster_finalUITests.xctest; sourceTree = BUILT_PRODUCTS_DIR; };
		D9412E272204202600370F22 /* Flixster_finalUITests.swift */ = {isa = PBXFileReference; lastKnownFileType = sourcecode.swift; path = Flixster_finalUITests.swift; sourceTree = "<group>"; };
		D9412E292204202600370F22 /* Info.plist */ = {isa = PBXFileReference; lastKnownFileType = text.plist.xml; path = Info.plist; sourceTree = "<group>"; };
		D9412E352204223200370F22 /* MoviesViewController.swift */ = {isa = PBXFileReference; lastKnownFileType = sourcecode.swift; path = MoviesViewController.swift; sourceTree = "<group>"; };
		D9412E7322096A5F00370F22 /* MovieCell.swift */ = {isa = PBXFileReference; lastKnownFileType = sourcecode.swift; path = MovieCell.swift; sourceTree = "<group>"; };
		F860A306675A9DCFA356C2A0 /* Pods_Flixster_finalTests.framework */ = {isa = PBXFileReference; explicitFileType = wrapper.framework; includeInIndex = 0; path = Pods_Flixster_finalTests.framework; sourceTree = BUILT_PRODUCTS_DIR; };
/* End PBXFileReference section */

/* Begin PBXFrameworksBuildPhase section */
		D9412E012204202300370F22 /* Frameworks */ = {
			isa = PBXFrameworksBuildPhase;
			buildActionMask = 2147483647;
			files = (
				F1E30ACA846A24A5B4DEB9E5 /* Pods_Flixster_final.framework in Frameworks */,
			);
			runOnlyForDeploymentPostprocessing = 0;
		};
		D9412E152204202600370F22 /* Frameworks */ = {
			isa = PBXFrameworksBuildPhase;
			buildActionMask = 2147483647;
			files = (
				846F8ED3801E8E0068079ECD /* Pods_Flixster_finalTests.framework in Frameworks */,
			);
			runOnlyForDeploymentPostprocessing = 0;
		};
		D9412E202204202600370F22 /* Frameworks */ = {
			isa = PBXFrameworksBuildPhase;
			buildActionMask = 2147483647;
			files = (
				9AD6B17F7FDB935A38EFA4ED /* Pods_Flixster_finalUITests.framework in Frameworks */,
			);
			runOnlyForDeploymentPostprocessing = 0;
		};
/* End PBXFrameworksBuildPhase section */

/* Begin PBXGroup section */
		7A9DF7180D5241C25AAEED2F /* Pods */ = {
			isa = PBXGroup;
			children = (
				339419F52F925D25ED0891F5 /* Pods-Flixster_final.debug.xcconfig */,
				380D3719EDA7284635122DC5 /* Pods-Flixster_final.release.xcconfig */,
				5346503F306D5747C0EE339D /* Pods-Flixster_finalTests.debug.xcconfig */,
				C97A99471CECC921479936B9 /* Pods-Flixster_finalTests.release.xcconfig */,
				8ABCBB60DF9B2C6BE134B93F /* Pods-Flixster_finalUITests.debug.xcconfig */,
				13D19E2CAA18AF8C76B23471 /* Pods-Flixster_finalUITests.release.xcconfig */,
			);
			path = Pods;
			sourceTree = "<group>";
		};
		D73113D2A0DF706CCB1BA02E /* Frameworks */ = {
			isa = PBXGroup;
			children = (
				B819029E34AF1DDAA86CC4A4 /* Pods_Flixster_final.framework */,
				F860A306675A9DCFA356C2A0 /* Pods_Flixster_finalTests.framework */,
				3C6B1BBE098D0EEA40AB15D6 /* Pods_Flixster_finalUITests.framework */,
			);
			name = Frameworks;
			sourceTree = "<group>";
		};
		D9412DFB2204202300370F22 = {
			isa = PBXGroup;
			children = (
				D9412E062204202300370F22 /* Flixster_final */,
				D9412E1B2204202600370F22 /* Flixster_finalTests */,
				D9412E262204202600370F22 /* Flixster_finalUITests */,
				D9412E052204202300370F22 /* Products */,
				7A9DF7180D5241C25AAEED2F /* Pods */,
				D73113D2A0DF706CCB1BA02E /* Frameworks */,
			);
			sourceTree = "<group>";
		};
		D9412E052204202300370F22 /* Products */ = {
			isa = PBXGroup;
			children = (
				D9412E042204202300370F22 /* Flixster_final.app */,
				D9412E182204202600370F22 /* Flixster_finalTests.xctest */,
				D9412E232204202600370F22 /* Flixster_finalUITests.xctest */,
			);
			name = Products;
			sourceTree = "<group>";
		};
		D9412E062204202300370F22 /* Flixster_final */ = {
			isa = PBXGroup;
			children = (
				D9412E072204202300370F22 /* AppDelegate.swift */,
				D9412E0B2204202300370F22 /* Main.storyboard */,
				D9412E0E2204202600370F22 /* Assets.xcassets */,
				D9412E102204202600370F22 /* LaunchScreen.storyboard */,
				D9412E132204202600370F22 /* Info.plist */,
				2C49405422166C9300D9158D /* MovieGridViewController.swift */,
				D9412E352204223200370F22 /* MoviesViewController.swift */,
				2C79110022164B5F00494E10 /* MovieDetailsViewController.swift */,
				D9412E7322096A5F00370F22 /* MovieCell.swift */,
				2C5ABECB221939DE00290FF3 /* MovieGridCell.swift */,
			);
			path = Flixster_final;
			sourceTree = "<group>";
		};
		D9412E1B2204202600370F22 /* Flixster_finalTests */ = {
			isa = PBXGroup;
			children = (
				D9412E1C2204202600370F22 /* Flixster_finalTests.swift */,
				D9412E1E2204202600370F22 /* Info.plist */,
			);
			path = Flixster_finalTests;
			sourceTree = "<group>";
		};
		D9412E262204202600370F22 /* Flixster_finalUITests */ = {
			isa = PBXGroup;
			children = (
				D9412E272204202600370F22 /* Flixster_finalUITests.swift */,
				D9412E292204202600370F22 /* Info.plist */,
			);
			path = Flixster_finalUITests;
			sourceTree = "<group>";
		};
/* End PBXGroup section */

/* Begin PBXNativeTarget section */
		D9412E032204202300370F22 /* Flixster_final */ = {
			isa = PBXNativeTarget;
			buildConfigurationList = D9412E2C2204202600370F22 /* Build configuration list for PBXNativeTarget "Flixster_final" */;
			buildPhases = (
				85F67DE1143E58103AC504F8 /* [CP] Check Pods Manifest.lock */,
				D9412E002204202300370F22 /* Sources */,
				D9412E012204202300370F22 /* Frameworks */,
				D9412E022204202300370F22 /* Resources */,
				FEACED8D68AA3B2A9E18ABD4 /* [CP] Embed Pods Frameworks */,
			);
			buildRules = (
			);
			dependencies = (
			);
			name = Flixster_final;
			productName = Flixster_final;
			productReference = D9412E042204202300370F22 /* Flixster_final.app */;
			productType = "com.apple.product-type.application";
		};
		D9412E172204202600370F22 /* Flixster_finalTests */ = {
			isa = PBXNativeTarget;
			buildConfigurationList = D9412E2F2204202600370F22 /* Build configuration list for PBXNativeTarget "Flixster_finalTests" */;
			buildPhases = (
				69862FE02878C1FF78A5977A /* [CP] Check Pods Manifest.lock */,
				D9412E142204202600370F22 /* Sources */,
				D9412E152204202600370F22 /* Frameworks */,
				D9412E162204202600370F22 /* Resources */,
			);
			buildRules = (
			);
			dependencies = (
				D9412E1A2204202600370F22 /* PBXTargetDependency */,
			);
			name = Flixster_finalTests;
			productName = Flixster_finalTests;
			productReference = D9412E182204202600370F22 /* Flixster_finalTests.xctest */;
			productType = "com.apple.product-type.bundle.unit-test";
		};
		D9412E222204202600370F22 /* Flixster_finalUITests */ = {
			isa = PBXNativeTarget;
			buildConfigurationList = D9412E322204202600370F22 /* Build configuration list for PBXNativeTarget "Flixster_finalUITests" */;
			buildPhases = (
				26106B681DBE97E8E857E92F /* [CP] Check Pods Manifest.lock */,
				D9412E1F2204202600370F22 /* Sources */,
				D9412E202204202600370F22 /* Frameworks */,
				D9412E212204202600370F22 /* Resources */,
			);
			buildRules = (
			);
			dependencies = (
				D9412E252204202600370F22 /* PBXTargetDependency */,
			);
			name = Flixster_finalUITests;
			productName = Flixster_finalUITests;
			productReference = D9412E232204202600370F22 /* Flixster_finalUITests.xctest */;
			productType = "com.apple.product-type.bundle.ui-testing";
		};
/* End PBXNativeTarget section */

/* Begin PBXProject section */
		D9412DFC2204202300370F22 /* Project object */ = {
			isa = PBXProject;
			attributes = {
				LastSwiftUpdateCheck = 1010;
				LastUpgradeCheck = 1010;
				ORGANIZATIONNAME = "Kevin Pham";
				TargetAttributes = {
					D9412E032204202300370F22 = {
						CreatedOnToolsVersion = 10.1;
					};
					D9412E172204202600370F22 = {
						CreatedOnToolsVersion = 10.1;
						TestTargetID = D9412E032204202300370F22;
					};
					D9412E222204202600370F22 = {
						CreatedOnToolsVersion = 10.1;
						TestTargetID = D9412E032204202300370F22;
					};
				};
			};
			buildConfigurationList = D9412DFF2204202300370F22 /* Build configuration list for PBXProject "Flixster_final" */;
			compatibilityVersion = "Xcode 9.3";
			developmentRegion = en;
			hasScannedForEncodings = 0;
			knownRegions = (
				en,
				Base,
			);
			mainGroup = D9412DFB2204202300370F22;
			productRefGroup = D9412E052204202300370F22 /* Products */;
			projectDirPath = "";
			projectRoot = "";
			targets = (
				D9412E032204202300370F22 /* Flixster_final */,
				D9412E172204202600370F22 /* Flixster_finalTests */,
				D9412E222204202600370F22 /* Flixster_finalUITests */,
			);
		};
/* End PBXProject section */

/* Begin PBXResourcesBuildPhase section */
		D9412E022204202300370F22 /* Resources */ = {
			isa = PBXResourcesBuildPhase;
			buildActionMask = 2147483647;
			files = (
				D9412E122204202600370F22 /* LaunchScreen.storyboard in Resources */,
				D9412E0F2204202600370F22 /* Assets.xcassets in Resources */,
				D9412E0D2204202300370F22 /* Main.storyboard in Resources */,
			);
			runOnlyForDeploymentPostprocessing = 0;
		};
		D9412E162204202600370F22 /* Resources */ = {
			isa = PBXResourcesBuildPhase;
			buildActionMask = 2147483647;
			files = (
			);
			runOnlyForDeploymentPostprocessing = 0;
		};
		D9412E212204202600370F22 /* Resources */ = {
			isa = PBXResourcesBuildPhase;
			buildActionMask = 2147483647;
			files = (
			);
			runOnlyForDeploymentPostprocessing = 0;
		};
/* End PBXResourcesBuildPhase section */

/* Begin PBXShellScriptBuildPhase section */
		26106B681DBE97E8E857E92F /* [CP] Check Pods Manifest.lock */ = {
			isa = PBXShellScriptBuildPhase;
			buildActionMask = 2147483647;
			files = (
			);
			inputFileListPaths = (
			);
			inputPaths = (
				"${PODS_PODFILE_DIR_PATH}/Podfile.lock",
				"${PODS_ROOT}/Manifest.lock",
			);
			name = "[CP] Check Pods Manifest.lock";
			outputFileListPaths = (
			);
			outputPaths = (
				"$(DERIVED_FILE_DIR)/Pods-Flixster_finalUITests-checkManifestLockResult.txt",
			);
			runOnlyForDeploymentPostprocessing = 0;
			shellPath = /bin/sh;
			shellScript = "diff \"${PODS_PODFILE_DIR_PATH}/Podfile.lock\" \"${PODS_ROOT}/Manifest.lock\" > /dev/null\nif [ $? != 0 ] ; then\n    # print error to STDERR\n    echo \"error: The sandbox is not in sync with the Podfile.lock. Run 'pod install' or update your CocoaPods installation.\" >&2\n    exit 1\nfi\n# This output is used by Xcode 'outputs' to avoid re-running this script phase.\necho \"SUCCESS\" > \"${SCRIPT_OUTPUT_FILE_0}\"\n";
			showEnvVarsInLog = 0;
		};
		69862FE02878C1FF78A5977A /* [CP] Check Pods Manifest.lock */ = {
			isa = PBXShellScriptBuildPhase;
			buildActionMask = 2147483647;
			files = (
			);
			inputFileListPaths = (
			);
			inputPaths = (
				"${PODS_PODFILE_DIR_PATH}/Podfile.lock",
				"${PODS_ROOT}/Manifest.lock",
			);
			name = "[CP] Check Pods Manifest.lock";
			outputFileListPaths = (
			);
			outputPaths = (
				"$(DERIVED_FILE_DIR)/Pods-Flixster_finalTests-checkManifestLockResult.txt",
			);
			runOnlyForDeploymentPostprocessing = 0;
			shellPath = /bin/sh;
			shellScript = "diff \"${PODS_PODFILE_DIR_PATH}/Podfile.lock\" \"${PODS_ROOT}/Manifest.lock\" > /dev/null\nif [ $? != 0 ] ; then\n    # print error to STDERR\n    echo \"error: The sandbox is not in sync with the Podfile.lock. Run 'pod install' or update your CocoaPods installation.\" >&2\n    exit 1\nfi\n# This output is used by Xcode 'outputs' to avoid re-running this script phase.\necho \"SUCCESS\" > \"${SCRIPT_OUTPUT_FILE_0}\"\n";
			showEnvVarsInLog = 0;
		};
		85F67DE1143E58103AC504F8 /* [CP] Check Pods Manifest.lock */ = {
			isa = PBXShellScriptBuildPhase;
			buildActionMask = 2147483647;
			files = (
			);
			inputFileListPaths = (
			);
			inputPaths = (
				"${PODS_PODFILE_DIR_PATH}/Podfile.lock",
				"${PODS_ROOT}/Manifest.lock",
			);
			name = "[CP] Check Pods Manifest.lock";
			outputFileListPaths = (
			);
			outputPaths = (
				"$(DERIVED_FILE_DIR)/Pods-Flixster_final-checkManifestLockResult.txt",
			);
			runOnlyForDeploymentPostprocessing = 0;
			shellPath = /bin/sh;
			shellScript = "diff \"${PODS_PODFILE_DIR_PATH}/Podfile.lock\" \"${PODS_ROOT}/Manifest.lock\" > /dev/null\nif [ $? != 0 ] ; then\n    # print error to STDERR\n    echo \"error: The sandbox is not in sync with the Podfile.lock. Run 'pod install' or update your CocoaPods installation.\" >&2\n    exit 1\nfi\n# This output is used by Xcode 'outputs' to avoid re-running this script phase.\necho \"SUCCESS\" > \"${SCRIPT_OUTPUT_FILE_0}\"\n";
			showEnvVarsInLog = 0;
		};
		FEACED8D68AA3B2A9E18ABD4 /* [CP] Embed Pods Frameworks */ = {
			isa = PBXShellScriptBuildPhase;
			buildActionMask = 2147483647;
			files = (
			);
			inputFileListPaths = (
			);
			inputPaths = (
				"${PODS_ROOT}/Target Support Files/Pods-Flixster_final/Pods-Flixster_final-frameworks.sh",
				"${BUILT_PRODUCTS_DIR}/Alamofire/Alamofire.framework",
				"${BUILT_PRODUCTS_DIR}/AlamofireImage/AlamofireImage.framework",
			);
			name = "[CP] Embed Pods Frameworks";
			outputFileListPaths = (
			);
			outputPaths = (
				"${TARGET_BUILD_DIR}/${FRAMEWORKS_FOLDER_PATH}/Alamofire.framework",
				"${TARGET_BUILD_DIR}/${FRAMEWORKS_FOLDER_PATH}/AlamofireImage.framework",
			);
			runOnlyForDeploymentPostprocessing = 0;
			shellPath = /bin/sh;
			shellScript = "\"${PODS_ROOT}/Target Support Files/Pods-Flixster_final/Pods-Flixster_final-frameworks.sh\"\n";
			showEnvVarsInLog = 0;
		};
/* End PBXShellScriptBuildPhase section */

/* Begin PBXSourcesBuildPhase section */
		D9412E002204202300370F22 /* Sources */ = {
			isa = PBXSourcesBuildPhase;
			buildActionMask = 2147483647;
			files = (
				2C49405522166C9300D9158D /* MovieGridViewController.swift in Sources */,
				2C79110122164B5F00494E10 /* MovieDetailsViewController.swift in Sources */,
				D9412E082204202300370F22 /* AppDelegate.swift in Sources */,
				D9412E362204223200370F22 /* MoviesViewController.swift in Sources */,
				2C5ABECC221939DE00290FF3 /* MovieGridCell.swift in Sources */,
				D9412E7422096A5F00370F22 /* MovieCell.swift in Sources */,
			);
			runOnlyForDeploymentPostprocessing = 0;
		};
		D9412E142204202600370F22 /* Sources */ = {
			isa = PBXSourcesBuildPhase;
			buildActionMask = 2147483647;
			files = (
				D9412E1D2204202600370F22 /* Flixster_finalTests.swift in Sources */,
			);
			runOnlyForDeploymentPostprocessing = 0;
		};
		D9412E1F2204202600370F22 /* Sources */ = {
			isa = PBXSourcesBuildPhase;
			buildActionMask = 2147483647;
			files = (
				D9412E282204202600370F22 /* Flixster_finalUITests.swift in Sources */,
			);
			runOnlyForDeploymentPostprocessing = 0;
		};
/* End PBXSourcesBuildPhase section */

/* Begin PBXTargetDependency section */
		D9412E1A2204202600370F22 /* PBXTargetDependency */ = {
			isa = PBXTargetDependency;
			target = D9412E032204202300370F22 /* Flixster_final */;
			targetProxy = D9412E192204202600370F22 /* PBXContainerItemProxy */;
		};
		D9412E252204202600370F22 /* PBXTargetDependency */ = {
			isa = PBXTargetDependency;
			target = D9412E032204202300370F22 /* Flixster_final */;
			targetProxy = D9412E242204202600370F22 /* PBXContainerItemProxy */;
		};
/* End PBXTargetDependency section */

/* Begin PBXVariantGroup section */
		D9412E0B2204202300370F22 /* Main.storyboard */ = {
			isa = PBXVariantGroup;
			children = (
				D9412E0C2204202300370F22 /* Base */,
			);
			name = Main.storyboard;
			sourceTree = "<group>";
		};
		D9412E102204202600370F22 /* LaunchScreen.storyboard */ = {
			isa = PBXVariantGroup;
			children = (
				D9412E112204202600370F22 /* Base */,
			);
			name = LaunchScreen.storyboard;
			sourceTree = "<group>";
		};
/* End PBXVariantGroup section */

/* Begin XCBuildConfiguration section */
		D9412E2A2204202600370F22 /* Debug */ = {
			isa = XCBuildConfiguration;
			buildSettings = {
				ALWAYS_SEARCH_USER_PATHS = NO;
				CLANG_ANALYZER_NONNULL = YES;
				CLANG_ANALYZER_NUMBER_OBJECT_CONVERSION = YES_AGGRESSIVE;
				CLANG_CXX_LANGUAGE_STANDARD = "gnu++14";
				CLANG_CXX_LIBRARY = "libc++";
				CLANG_ENABLE_MODULES = YES;
				CLANG_ENABLE_OBJC_ARC = YES;
				CLANG_ENABLE_OBJC_WEAK = YES;
				CLANG_WARN_BLOCK_CAPTURE_AUTORELEASING = YES;
				CLANG_WARN_BOOL_CONVERSION = YES;
				CLANG_WARN_COMMA = YES;
				CLANG_WARN_CONSTANT_CONVERSION = YES;
				CLANG_WARN_DEPRECATED_OBJC_IMPLEMENTATIONS = YES;
				CLANG_WARN_DIRECT_OBJC_ISA_USAGE = YES_ERROR;
				CLANG_WARN_DOCUMENTATION_COMMENTS = YES;
				CLANG_WARN_EMPTY_BODY = YES;
				CLANG_WARN_ENUM_CONVERSION = YES;
				CLANG_WARN_INFINITE_RECURSION = YES;
				CLANG_WARN_INT_CONVERSION = YES;
				CLANG_WARN_NON_LITERAL_NULL_CONVERSION = YES;
				CLANG_WARN_OBJC_IMPLICIT_RETAIN_SELF = YES;
				CLANG_WARN_OBJC_LITERAL_CONVERSION = YES;
				CLANG_WARN_OBJC_ROOT_CLASS = YES_ERROR;
				CLANG_WARN_RANGE_LOOP_ANALYSIS = YES;
				CLANG_WARN_STRICT_PROTOTYPES = YES;
				CLANG_WARN_SUSPICIOUS_MOVE = YES;
				CLANG_WARN_UNGUARDED_AVAILABILITY = YES_AGGRESSIVE;
				CLANG_WARN_UNREACHABLE_CODE = YES;
				CLANG_WARN__DUPLICATE_METHOD_MATCH = YES;
				CODE_SIGN_IDENTITY = "iPhone Developer";
				COPY_PHASE_STRIP = NO;
				DEBUG_INFORMATION_FORMAT = dwarf;
				ENABLE_STRICT_OBJC_MSGSEND = YES;
				ENABLE_TESTABILITY = YES;
				GCC_C_LANGUAGE_STANDARD = gnu11;
				GCC_DYNAMIC_NO_PIC = NO;
				GCC_NO_COMMON_BLOCKS = YES;
				GCC_OPTIMIZATION_LEVEL = 0;
				GCC_PREPROCESSOR_DEFINITIONS = (
					"DEBUG=1",
					"$(inherited)",
				);
				GCC_WARN_64_TO_32_BIT_CONVERSION = YES;
				GCC_WARN_ABOUT_RETURN_TYPE = YES_ERROR;
				GCC_WARN_UNDECLARED_SELECTOR = YES;
				GCC_WARN_UNINITIALIZED_AUTOS = YES_AGGRESSIVE;
				GCC_WARN_UNUSED_FUNCTION = YES;
				GCC_WARN_UNUSED_VARIABLE = YES;
				IPHONEOS_DEPLOYMENT_TARGET = 12.1;
				MTL_ENABLE_DEBUG_INFO = INCLUDE_SOURCE;
				MTL_FAST_MATH = YES;
				ONLY_ACTIVE_ARCH = YES;
				SDKROOT = iphoneos;
				SWIFT_ACTIVE_COMPILATION_CONDITIONS = DEBUG;
				SWIFT_OPTIMIZATION_LEVEL = "-Onone";
			};
			name = Debug;
		};
		D9412E2B2204202600370F22 /* Release */ = {
			isa = XCBuildConfiguration;
			buildSettings = {
				ALWAYS_SEARCH_USER_PATHS = NO;
				CLANG_ANALYZER_NONNULL = YES;
				CLANG_ANALYZER_NUMBER_OBJECT_CONVERSION = YES_AGGRESSIVE;
				CLANG_CXX_LANGUAGE_STANDARD = "gnu++14";
				CLANG_CXX_LIBRARY = "libc++";
				CLANG_ENABLE_MODULES = YES;
				CLANG_ENABLE_OBJC_ARC = YES;
				CLANG_ENABLE_OBJC_WEAK = YES;
				CLANG_WARN_BLOCK_CAPTURE_AUTORELEASING = YES;
				CLANG_WARN_BOOL_CONVERSION = YES;
				CLANG_WARN_COMMA = YES;
				CLANG_WARN_CONSTANT_CONVERSION = YES;
				CLANG_WARN_DEPRECATED_OBJC_IMPLEMENTATIONS = YES;
				CLANG_WARN_DIRECT_OBJC_ISA_USAGE = YES_ERROR;
				CLANG_WARN_DOCUMENTATION_COMMENTS = YES;
				CLANG_WARN_EMPTY_BODY = YES;
				CLANG_WARN_ENUM_CONVERSION = YES;
				CLANG_WARN_INFINITE_RECURSION = YES;
				CLANG_WARN_INT_CONVERSION = YES;
				CLANG_WARN_NON_LITERAL_NULL_CONVERSION = YES;
				CLANG_WARN_OBJC_IMPLICIT_RETAIN_SELF = YES;
				CLANG_WARN_OBJC_LITERAL_CONVERSION = YES;
				CLANG_WARN_OBJC_ROOT_CLASS = YES_ERROR;
				CLANG_WARN_RANGE_LOOP_ANALYSIS = YES;
				CLANG_WARN_STRICT_PROTOTYPES = YES;
				CLANG_WARN_SUSPICIOUS_MOVE = YES;
				CLANG_WARN_UNGUARDED_AVAILABILITY = YES_AGGRESSIVE;
				CLANG_WARN_UNREACHABLE_CODE = YES;
				CLANG_WARN__DUPLICATE_METHOD_MATCH = YES;
				CODE_SIGN_IDENTITY = "iPhone Developer";
				COPY_PHASE_STRIP = NO;
				DEBUG_INFORMATION_FORMAT = "dwarf-with-dsym";
				ENABLE_NS_ASSERTIONS = NO;
				ENABLE_STRICT_OBJC_MSGSEND = YES;
				GCC_C_LANGUAGE_STANDARD = gnu11;
				GCC_NO_COMMON_BLOCKS = YES;
				GCC_WARN_64_TO_32_BIT_CONVERSION = YES;
				GCC_WARN_ABOUT_RETURN_TYPE = YES_ERROR;
				GCC_WARN_UNDECLARED_SELECTOR = YES;
				GCC_WARN_UNINITIALIZED_AUTOS = YES_AGGRESSIVE;
				GCC_WARN_UNUSED_FUNCTION = YES;
				GCC_WARN_UNUSED_VARIABLE = YES;
				IPHONEOS_DEPLOYMENT_TARGET = 12.1;
				MTL_ENABLE_DEBUG_INFO = NO;
				MTL_FAST_MATH = YES;
				SDKROOT = iphoneos;
				SWIFT_COMPILATION_MODE = wholemodule;
				SWIFT_OPTIMIZATION_LEVEL = "-O";
				VALIDATE_PRODUCT = YES;
			};
			name = Release;
		};
		D9412E2D2204202600370F22 /* Debug */ = {
			isa = XCBuildConfiguration;
			baseConfigurationReference = 339419F52F925D25ED0891F5 /* Pods-Flixster_final.debug.xcconfig */;
			buildSettings = {
				ASSETCATALOG_COMPILER_APPICON_NAME = AppIcon;
				CODE_SIGN_STYLE = Automatic;
				DEVELOPMENT_TEAM = WGA453CYUK;
				INFOPLIST_FILE = Flixster_final/Info.plist;
				LD_RUNPATH_SEARCH_PATHS = (
					"$(inherited)",
					"@executable_path/Frameworks",
				);
				PRODUCT_BUNDLE_IDENTIFIER = "com.codepath.Flix-reddie";
				PRODUCT_NAME = "$(TARGET_NAME)";
				SWIFT_VERSION = 4.2;
				TARGETED_DEVICE_FAMILY = "1,2";
			};
			name = Debug;
		};
		D9412E2E2204202600370F22 /* Release */ = {
			isa = XCBuildConfiguration;
			baseConfigurationReference = 380D3719EDA7284635122DC5 /* Pods-Flixster_final.release.xcconfig */;
			buildSettings = {
				ASSETCATALOG_COMPILER_APPICON_NAME = AppIcon;
				CODE_SIGN_STYLE = Automatic;
				DEVELOPMENT_TEAM = WGA453CYUK;
				INFOPLIST_FILE = Flixster_final/Info.plist;
				LD_RUNPATH_SEARCH_PATHS = (
					"$(inherited)",
					"@executable_path/Frameworks",
				);
				PRODUCT_BUNDLE_IDENTIFIER = "com.codepath.Flix-reddie";
				PRODUCT_NAME = "$(TARGET_NAME)";
				SWIFT_VERSION = 4.2;
				TARGETED_DEVICE_FAMILY = "1,2";
			};
			name = Release;
		};
		D9412E302204202600370F22 /* Debug */ = {
			isa = XCBuildConfiguration;
			baseConfigurationReference = 5346503F306D5747C0EE339D /* Pods-Flixster_finalTests.debug.xcconfig */;
			buildSettings = {
				ALWAYS_EMBED_SWIFT_STANDARD_LIBRARIES = YES;
				BUNDLE_LOADER = "$(TEST_HOST)";
				CODE_SIGN_STYLE = Automatic;
				INFOPLIST_FILE = Flixster_finalTests/Info.plist;
				LD_RUNPATH_SEARCH_PATHS = (
					"$(inherited)",
					"@executable_path/Frameworks",
					"@loader_path/Frameworks",
				);
				PRODUCT_BUNDLE_IDENTIFIER = "com.codepath.Flixster-finalTests";
				PRODUCT_NAME = "$(TARGET_NAME)";
				SWIFT_VERSION = 4.2;
				TARGETED_DEVICE_FAMILY = "1,2";
				TEST_HOST = "$(BUILT_PRODUCTS_DIR)/Flixster_final.app/Flixster_final";
			};
			name = Debug;
		};
		D9412E312204202600370F22 /* Release */ = {
			isa = XCBuildConfiguration;
			baseConfigurationReference = C97A99471CECC921479936B9 /* Pods-Flixster_finalTests.release.xcconfig */;
			buildSettings = {
				ALWAYS_EMBED_SWIFT_STANDARD_LIBRARIES = YES;
				BUNDLE_LOADER = "$(TEST_HOST)";
				CODE_SIGN_STYLE = Automatic;
				INFOPLIST_FILE = Flixster_finalTests/Info.plist;
				LD_RUNPATH_SEARCH_PATHS = (
					"$(inherited)",
					"@executable_path/Frameworks",
					"@loader_path/Frameworks",
				);
				PRODUCT_BUNDLE_IDENTIFIER = "com.codepath.Flixster-finalTests";
				PRODUCT_NAME = "$(TARGET_NAME)";
				SWIFT_VERSION = 4.2;
				TARGETED_DEVICE_FAMILY = "1,2";
				TEST_HOST = "$(BUILT_PRODUCTS_DIR)/Flixster_final.app/Flixster_final";
			};
			name = Release;
		};
		D9412E332204202600370F22 /* Debug */ = {
			isa = XCBuildConfiguration;
			baseConfigurationReference = 8ABCBB60DF9B2C6BE134B93F /* Pods-Flixster_finalUITests.debug.xcconfig */;
			buildSettings = {
				ALWAYS_EMBED_SWIFT_STANDARD_LIBRARIES = YES;
				CODE_SIGN_STYLE = Automatic;
				INFOPLIST_FILE = Flixster_finalUITests/Info.plist;
				LD_RUNPATH_SEARCH_PATHS = (
					"$(inherited)",
					"@executable_path/Frameworks",
					"@loader_path/Frameworks",
				);
				PRODUCT_BUNDLE_IDENTIFIER = "com.codepath.Flixster-finalUITests";
				PRODUCT_NAME = "$(TARGET_NAME)";
				SWIFT_VERSION = 4.2;
				TARGETED_DEVICE_FAMILY = "1,2";
				TEST_TARGET_NAME = Flixster_final;
			};
			name = Debug;
		};
		D9412E342204202600370F22 /* Release */ = {
			isa = XCBuildConfiguration;
			baseConfigurationReference = 13D19E2CAA18AF8C76B23471 /* Pods-Flixster_finalUITests.release.xcconfig */;
			buildSettings = {
				ALWAYS_EMBED_SWIFT_STANDARD_LIBRARIES = YES;
				CODE_SIGN_STYLE = Automatic;
				INFOPLIST_FILE = Flixster_finalUITests/Info.plist;
				LD_RUNPATH_SEARCH_PATHS = (
					"$(inherited)",
					"@executable_path/Frameworks",
					"@loader_path/Frameworks",
				);
				PRODUCT_BUNDLE_IDENTIFIER = "com.codepath.Flixster-finalUITests";
				PRODUCT_NAME = "$(TARGET_NAME)";
				SWIFT_VERSION = 4.2;
				TARGETED_DEVICE_FAMILY = "1,2";
				TEST_TARGET_NAME = Flixster_final;
			};
			name = Release;
		};
/* End XCBuildConfiguration section */

/* Begin XCConfigurationList section */
		D9412DFF2204202300370F22 /* Build configuration list for PBXProject "Flixster_final" */ = {
			isa = XCConfigurationList;
			buildConfigurations = (
				D9412E2A2204202600370F22 /* Debug */,
				D9412E2B2204202600370F22 /* Release */,
			);
			defaultConfigurationIsVisible = 0;
			defaultConfigurationName = Release;
		};
		D9412E2C2204202600370F22 /* Build configuration list for PBXNativeTarget "Flixster_final" */ = {
			isa = XCConfigurationList;
			buildConfigurations = (
				D9412E2D2204202600370F22 /* Debug */,
				D9412E2E2204202600370F22 /* Release */,
			);
			defaultConfigurationIsVisible = 0;
			defaultConfigurationName = Release;
		};
		D9412E2F2204202600370F22 /* Build configuration list for PBXNativeTarget "Flixster_finalTests" */ = {
			isa = XCConfigurationList;
			buildConfigurations = (
				D9412E302204202600370F22 /* Debug */,
				D9412E312204202600370F22 /* Release */,
			);
			defaultConfigurationIsVisible = 0;
			defaultConfigurationName = Release;
		};
		D9412E322204202600370F22 /* Build configuration list for PBXNativeTarget "Flixster_finalUITests" */ = {
			isa = XCConfigurationList;
			buildConfigurations = (
				D9412E332204202600370F22 /* Debug */,
				D9412E342204202600370F22 /* Release */,
			);
			defaultConfigurationIsVisible = 0;
			defaultConfigurationName = Release;
		};
/* End XCConfigurationList section */
	};
	rootObject = D9412DFC2204202300370F22 /* Project object */;
}
